
Microsoft Visual Studio Solution File, Format Version 12.00
# Visual Studio Version 16
VisualStudioVersion = 16.0.29709.97
MinimumVisualStudioVersion = 10.0.40219.1
Project("{9A19103F-16F7-4668-BE54-9A1E7A4F7556}") = "Notifications", "Notifications\Notifications.csproj", "{648BA88D-FFD3-4C3A-877B-AAC9FF85AA56}"
EndProject
Project("{9A19103F-16F7-4668-BE54-9A1E7A4F7556}") = "Notifications.DataAccess", "Notifications.DataAccess\Notifications.DataAccess.csproj", "{3D23BB85-94EC-4301-8030-0874E5C5B6CF}"
EndProject
Project("{9A19103F-16F7-4668-BE54-9A1E7A4F7556}") = "Notifications.Services", "Notifications.Services\Notifications.Services.csproj", "{A2A3FB3A-68AD-41FE-B41D-A699495E5E32}"
EndProject
Project("{9A19103F-16F7-4668-BE54-9A1E7A4F7556}") = "Notifications.Common", "Notifications.Common\Notifications.Common.csproj", "{89DE6294-2DDE-4226-9831-517E100E913A}"
EndProject
Project("{9A19103F-16F7-4668-BE54-9A1E7A4F7556}") = "Notifications.Tests", "Notifications.Tests\Notifications.Tests.csproj", "{104B27B6-EDF2-47F3-B34A-2E1A63014147}"
EndProject
Project("{FAE04EC0-301F-11D3-BF4B-00C04F79EFBC}") = "Notifications.Services.UnitTests", "Notifications.Services.UnitTests\Notifications.Services.UnitTests.csproj", "{28004E58-04CE-406F-ABD4-AD55E4098A9B}"
EndProject
Project("{FAE04EC0-301F-11D3-BF4B-00C04F79EFBC}") = "Notifications.IntegrationTests", "Notifications.IntegrationTests\Notifications.IntegrationTests.csproj", "{E5C1CB9A-F4C8-4D53-9976-8B122D44A033}"
EndProject
Global
	GlobalSection(SolutionConfigurationPlatforms) = preSolution
		Debug|Any CPU = Debug|Any CPU
		Release|Any CPU = Release|Any CPU
	EndGlobalSection
	GlobalSection(ProjectConfigurationPlatforms) = postSolution
		{648BA88D-FFD3-4C3A-877B-AAC9FF85AA56}.Debug|Any CPU.ActiveCfg = Debug|Any CPU
		{648BA88D-FFD3-4C3A-877B-AAC9FF85AA56}.Debug|Any CPU.Build.0 = Debug|Any CPU
		{648BA88D-FFD3-4C3A-877B-AAC9FF85AA56}.Release|Any CPU.ActiveCfg = Release|Any CPU
		{648BA88D-FFD3-4C3A-877B-AAC9FF85AA56}.Release|Any CPU.Build.0 = Release|Any CPU
		{3D23BB85-94EC-4301-8030-0874E5C5B6CF}.Debug|Any CPU.ActiveCfg = Debug|Any CPU
		{3D23BB85-94EC-4301-8030-0874E5C5B6CF}.Debug|Any CPU.Build.0 = Debug|Any CPU
		{3D23BB85-94EC-4301-8030-0874E5C5B6CF}.Release|Any CPU.ActiveCfg = Release|Any CPU
		{3D23BB85-94EC-4301-8030-0874E5C5B6CF}.Release|Any CPU.Build.0 = Release|Any CPU
		{A2A3FB3A-68AD-41FE-B41D-A699495E5E32}.Debug|Any CPU.ActiveCfg = Debug|Any CPU
		{A2A3FB3A-68AD-41FE-B41D-A699495E5E32}.Debug|Any CPU.Build.0 = Debug|Any CPU
		{A2A3FB3A-68AD-41FE-B41D-A699495E5E32}.Release|Any CPU.ActiveCfg = Release|Any CPU
		{A2A3FB3A-68AD-41FE-B41D-A699495E5E32}.Release|Any CPU.Build.0 = Release|Any CPU
		{89DE6294-2DDE-4226-9831-517E100E913A}.Debug|Any CPU.ActiveCfg = Debug|Any CPU
		{89DE6294-2DDE-4226-9831-517E100E913A}.Debug|Any CPU.Build.0 = Debug|Any CPU
		{89DE6294-2DDE-4226-9831-517E100E913A}.Release|Any CPU.ActiveCfg = Release|Any CPU
		{89DE6294-2DDE-4226-9831-517E100E913A}.Release|Any CPU.Build.0 = Release|Any CPU
		{104B27B6-EDF2-47F3-B34A-2E1A63014147}.Debug|Any CPU.ActiveCfg = Debug|Any CPU
		{104B27B6-EDF2-47F3-B34A-2E1A63014147}.Debug|Any CPU.Build.0 = Debug|Any CPU
		{104B27B6-EDF2-47F3-B34A-2E1A63014147}.Release|Any CPU.ActiveCfg = Release|Any CPU
		{104B27B6-EDF2-47F3-B34A-2E1A63014147}.Release|Any CPU.Build.0 = Release|Any CPU
		{28004E58-04CE-406F-ABD4-AD55E4098A9B}.Debug|Any CPU.ActiveCfg = Debug|Any CPU
		{28004E58-04CE-406F-ABD4-AD55E4098A9B}.Debug|Any CPU.Build.0 = Debug|Any CPU
		{28004E58-04CE-406F-ABD4-AD55E4098A9B}.Release|Any CPU.ActiveCfg = Release|Any CPU
		{28004E58-04CE-406F-ABD4-AD55E4098A9B}.Release|Any CPU.Build.0 = Release|Any CPU
		{E5C1CB9A-F4C8-4D53-9976-8B122D44A033}.Debug|Any CPU.ActiveCfg = Debug|Any CPU
		{E5C1CB9A-F4C8-4D53-9976-8B122D44A033}.Debug|Any CPU.Build.0 = Debug|Any CPU
		{E5C1CB9A-F4C8-4D53-9976-8B122D44A033}.Release|Any CPU.ActiveCfg = Release|Any CPU
		{E5C1CB9A-F4C8-4D53-9976-8B122D44A033}.Release|Any CPU.Build.0 = Release|Any CPU
	EndGlobalSection
	GlobalSection(SolutionProperties) = preSolution
		HideSolutionNode = FALSE
	EndGlobalSection
	GlobalSection(ExtensibilityGlobals) = postSolution
		SolutionGuid = {25946F27-5730-40DB-BD22-29AEEBEC6020}
	EndGlobalSection
EndGlobal
